
Microsoft Visual Studio Solution File, Format Version 12.00
# Visual Studio 15
VisualStudioVersion = 15.0.27130.2027
MinimumVisualStudioVersion = 10.0.40219.1
Project("{FAE04EC0-301F-11D3-BF4B-00C04F79EFBC}") = "Workshop1", "Workshop1\Workshop1.csproj", "{FDBFB6C3-2098-427F-9D2D-9E5FC86A09B2}"
EndProject
Global
	GlobalSection(SolutionConfigurationPlatforms) = preSolution
		Debug|Any CPU = Debug|Any CPU
		Release|Any CPU = Release|Any CPU
	EndGlobalSection
	GlobalSection(ProjectConfigurationPlatforms) = postSolution
		{FDBFB6C3-2098-427F-9D2D-9E5FC86A09B2}.Debug|Any CPU.ActiveCfg = Debug|Any CPU
		{FDBFB6C3-2098-427F-9D2D-9E5FC86A09B2}.Debug|Any CPU.Build.0 = Debug|Any CPU
		{FDBFB6C3-2098-427F-9D2D-9E5FC86A09B2}.Release|Any CPU.ActiveCfg = Release|Any CPU
		{FDBFB6C3-2098-427F-9D2D-9E5FC86A09B2}.Release|Any CPU.Build.0 = Release|Any CPU
	EndGlobalSection
	GlobalSection(SolutionProperties) = preSolution
		HideSolutionNode = FALSE
	EndGlobalSection
	GlobalSection(ExtensibilityGlobals) = postSolution
		SolutionGuid = {16585193-A599-45EB-B1AE-8EF5A423A300}
	EndGlobalSection
EndGlobal
